
Microsoft Visual Studio Solution File, Format Version 12.00
# Visual Studio Version 16
VisualStudioVersion = 16.0.29911.84
MinimumVisualStudioVersion = 10.0.40219.1
Project("{FAE04EC0-301F-11D3-BF4B-00C04F79EFBC}") = "DateTimeSample", "DateTimeSample\DateTimeSample.csproj", "{32FF77C2-D995-4553-8D1A-90B144FAF9EE}"
EndProject
Global
	GlobalSection(SolutionConfigurationPlatforms) = preSolution
		Debug|Any CPU = Debug|Any CPU
		Release|Any CPU = Release|Any CPU
	EndGlobalSection
	GlobalSection(ProjectConfigurationPlatforms) = postSolution
		{32FF77C2-D995-4553-8D1A-90B144FAF9EE}.Debug|Any CPU.ActiveCfg = Debug|Any CPU
		{32FF77C2-D995-4553-8D1A-90B144FAF9EE}.Debug|Any CPU.Build.0 = Debug|Any CPU
		{32FF77C2-D995-4553-8D1A-90B144FAF9EE}.Release|Any CPU.ActiveCfg = Release|Any CPU
		{32FF77C2-D995-4553-8D1A-90B144FAF9EE}.Release|Any CPU.Build.0 = Release|Any CPU
	EndGlobalSection
	GlobalSection(SolutionProperties) = preSolution
		HideSolutionNode = FALSE
	EndGlobalSection
	GlobalSection(ExtensibilityGlobals) = postSolution
		SolutionGuid = {02765A32-8122-48BA-8C3C-08850C8A7348}
	EndGlobalSection
EndGlobal
